
Microsoft Visual Studio Solution File, Format Version 12.00
# Visual Studio Version 17
VisualStudioVersion = 17.4.33110.190
MinimumVisualStudioVersion = 10.0.40219.1
Project("{2150E333-8FDC-42A3-9474-1A3956D46DE8}") = "FrontEnd", "FrontEnd", "{DE9E0451-734D-4FAB-8EAC-1913DA2A21E5}"
EndProject
Project("{FAE04EC0-301F-11D3-BF4B-00C04F79EFBC}") = "Mango.Web", "Mango.Web\Mango.Web.csproj", "{687FA0A9-BDAB-4795-ADEA-CD02EE0100A9}"
EndProject
Project("{2150E333-8FDC-42A3-9474-1A3956D46DE8}") = "Services", "Services", "{574BB6CB-4E3C-4F36-806A-6762566016DE}"
EndProject
Project("{FAE04EC0-301F-11D3-BF4B-00C04F79EFBC}") = "Mango.Services.ProductAPI", "Mango.Services.ProductAPI\Mango.Services.ProductAPI.csproj", "{2CDCE5EA-7876-45E6-9366-585513A86D79}"
EndProject
Global
	GlobalSection(SolutionConfigurationPlatforms) = preSolution
		Debug|Any CPU = Debug|Any CPU
		Release|Any CPU = Release|Any CPU
	EndGlobalSection
	GlobalSection(ProjectConfigurationPlatforms) = postSolution
		{687FA0A9-BDAB-4795-ADEA-CD02EE0100A9}.Debug|Any CPU.ActiveCfg = Debug|Any CPU
		{687FA0A9-BDAB-4795-ADEA-CD02EE0100A9}.Debug|Any CPU.Build.0 = Debug|Any CPU
		{687FA0A9-BDAB-4795-ADEA-CD02EE0100A9}.Release|Any CPU.ActiveCfg = Release|Any CPU
		{687FA0A9-BDAB-4795-ADEA-CD02EE0100A9}.Release|Any CPU.Build.0 = Release|Any CPU
		{2CDCE5EA-7876-45E6-9366-585513A86D79}.Debug|Any CPU.ActiveCfg = Debug|Any CPU
		{2CDCE5EA-7876-45E6-9366-585513A86D79}.Debug|Any CPU.Build.0 = Debug|Any CPU
		{2CDCE5EA-7876-45E6-9366-585513A86D79}.Release|Any CPU.ActiveCfg = Release|Any CPU
		{2CDCE5EA-7876-45E6-9366-585513A86D79}.Release|Any CPU.Build.0 = Release|Any CPU
	EndGlobalSection
	GlobalSection(SolutionProperties) = preSolution
		HideSolutionNode = FALSE
	EndGlobalSection
	GlobalSection(NestedProjects) = preSolution
		{687FA0A9-BDAB-4795-ADEA-CD02EE0100A9} = {DE9E0451-734D-4FAB-8EAC-1913DA2A21E5}
		{2CDCE5EA-7876-45E6-9366-585513A86D79} = {574BB6CB-4E3C-4F36-806A-6762566016DE}
	EndGlobalSection
	GlobalSection(ExtensibilityGlobals) = postSolution
		SolutionGuid = {8B40BB92-86C2-4DF9-95DC-86B686C0EF79}
	EndGlobalSection
EndGlobal
